
Microsoft Visual Studio Solution File, Format Version 12.00
# Visual Studio Version 16
VisualStudioVersion = 16.0.32630.194
MinimumVisualStudioVersion = 10.0.40219.1
Project("{FAE04EC0-301F-11D3-BF4B-00C04F79EFBC}") = "Skill_CodeFirstEntity", "Skill_CodeFirstEntity\Skill_CodeFirstEntity.csproj", "{1C1419FB-1563-4280-9102-F503B204437B}"
EndProject
Global
	GlobalSection(SolutionConfigurationPlatforms) = preSolution
		Debug|Any CPU = Debug|Any CPU
		Release|Any CPU = Release|Any CPU
	EndGlobalSection
	GlobalSection(ProjectConfigurationPlatforms) = postSolution
		{1C1419FB-1563-4280-9102-F503B204437B}.Debug|Any CPU.ActiveCfg = Debug|Any CPU
		{1C1419FB-1563-4280-9102-F503B204437B}.Debug|Any CPU.Build.0 = Debug|Any CPU
		{1C1419FB-1563-4280-9102-F503B204437B}.Release|Any CPU.ActiveCfg = Release|Any CPU
		{1C1419FB-1563-4280-9102-F503B204437B}.Release|Any CPU.Build.0 = Release|Any CPU
	EndGlobalSection
	GlobalSection(SolutionProperties) = preSolution
		HideSolutionNode = FALSE
	EndGlobalSection
	GlobalSection(ExtensibilityGlobals) = postSolution
		SolutionGuid = {C9B408E3-343F-4E2F-B79E-479130364414}
	EndGlobalSection
EndGlobal
